// !$*UTF8*$!
{
	archiveVersion = 1;
	classes = {
	};
	objectVersion = 77;
	objects = {

/* Begin PBXBuildFile section */
		7D45AE3D2FC406C500CAD3CA /* SDWebImageSwiftUI in Frameworks */ = {isa = PBXBuildFile; productRef = 7D45AE3C2FC406C500CAD3CA /* SDWebImageSwiftUI */; };
		7D45AE402FC4072700CAD3CA /* ImageLoaderView.swift in Sources */ = {isa = PBXBuildFile; fileRef = 7D45AE3F2FC4072700CAD3CA /* ImageLoaderView.swift */; };
		7D45AE422FC4082F00CAD3CA /* Constants.swift in Sources */ = {isa = PBXBuildFile; fileRef = 7D45AE412FC4082F00CAD3CA /* Constants.swift */; };
		7D45AE6E2FC428BB00CAD3CA /* SwiftfulRouting in Frameworks */ = {isa = PBXBuildFile; productRef = 7D45AE6D2FC428BB00CAD3CA /* SwiftfulRouting */; };
		7D45AE712FC428CE00CAD3CA /* SwiftfulUI in Frameworks */ = {isa = PBXBuildFile; productRef = 7D45AE702FC428CE00CAD3CA /* SwiftfulUI */; };
		7D45AEB32FC42BBD00CAD3CA /* AppFonts.swift in Sources */ = {isa = PBXBuildFile; fileRef = 7D45AEB22FC42BBD00CAD3CA /* AppFonts.swift */; };
/* End PBXBuildFile section */

/* Begin PBXContainerItemProxy section */
		7D45AE1F2FC3FF3C00CAD3CA /* PBXContainerItemProxy */ = {
			isa = PBXContainerItemProxy;
			containerPortal = 7D45AE092FC3FF3900CAD3CA /* Project object */;
			proxyType = 1;
			remoteGlobalIDString = 7D45AE102FC3FF3900CAD3CA;
			remoteInfo = Spookify;
		};
		7D45AE292FC3FF3C00CAD3CA /* PBXContainerItemProxy */ = {
			isa = PBXContainerItemProxy;
			containerPortal = 7D45AE092FC3FF3900CAD3CA /* Project object */;
			proxyType = 1;
			remoteGlobalIDString = 7D45AE102FC3FF3900CAD3CA;
			remoteInfo = Spookify;
		};
/* End PBXContainerItemProxy section */

/* Begin PBXFileReference section */
		7D45AE112FC3FF3900CAD3CA /* Spookify.app */ = {isa = PBXFileReference; explicitFileType = wrapper.application; includeInIndex = 0; path = Spookify.app; sourceTree = BUILT_PRODUCTS_DIR; };
		7D45AE1E2FC3FF3C00CAD3CA /* SpookifyTests.xctest */ = {isa = PBXFileReference; explicitFileType = wrapper.cfbundle; includeInIndex = 0; path = SpookifyTests.xctest; sourceTree = BUILT_PRODUCTS_DIR; };
		7D45AE282FC3FF3C00CAD3CA /* SpookifyUITests.xctest */ = {isa = PBXFileReference; explicitFileType = wrapper.cfbundle; includeInIndex = 0; path = SpookifyUITests.xctest; sourceTree = BUILT_PRODUCTS_DIR; };
		7D45AE3F2FC4072700CAD3CA /* ImageLoaderView.swift */ = {isa = PBXFileReference; lastKnownFileType = sourcecode.swift; path = ImageLoaderView.swift; sourceTree = "<group>"; };
		7D45AE412FC4082F00CAD3CA /* Constants.swift */ = {isa = PBXFileReference; lastKnownFileType = sourcecode.swift; path = Constants.swift; sourceTree = "<group>"; };
		7D45AEB22FC42BBD00CAD3CA /* AppFonts.swift */ = {isa = PBXFileReference; lastKnownFileType = sourcecode.swift; path = AppFonts.swift; sourceTree = "<group>"; };
/* End PBXFileReference section */

/* Begin PBXFileSystemSynchronizedBuildFileExceptionSet section */
		7D45AEB12FC42B6400CAD3CA /* Exceptions for "Spookify" folder in "Spookify" target */ = {
			isa = PBXFileSystemSynchronizedBuildFileExceptionSet;
			membershipExceptions = (
				Info.plist,
			);
			target = 7D45AE102FC3FF3900CAD3CA /* Spookify */;
		};
/* End PBXFileSystemSynchronizedBuildFileExceptionSet section */

/* Begin PBXFileSystemSynchronizedRootGroup section */
		7D45AE132FC3FF3900CAD3CA /* Spookify */ = {
			isa = PBXFileSystemSynchronizedRootGroup;
			exceptions = (
				7D45AEB12FC42B6400CAD3CA /* Exceptions for "Spookify" folder in "Spookify" target */,
			);
			path = Spookify;
			sourceTree = "<group>";
		};
		7D45AE212FC3FF3C00CAD3CA /* SpookifyTests */ = {
			isa = PBXFileSystemSynchronizedRootGroup;
			path = SpookifyTests;
			sourceTree = "<group>";
		};
		7D45AE2B2FC3FF3C00CAD3CA /* SpookifyUITests */ = {
			isa = PBXFileSystemSynchronizedRootGroup;
			path = SpookifyUITests;
			sourceTree = "<group>";
		};
/* End PBXFileSystemSynchronizedRootGroup section */

/* Begin PBXFrameworksBuildPhase section */
		7D45AE0E2FC3FF3900CAD3CA /* Frameworks */ = {
			isa = PBXFrameworksBuildPhase;
			buildActionMask = 2147483647;
			files = (
				7D45AE712FC428CE00CAD3CA /* SwiftfulUI in Frameworks */,
				7D45AE3D2FC406C500CAD3CA /* SDWebImageSwiftUI in Frameworks */,
				7D45AE6E2FC428BB00CAD3CA /* SwiftfulRouting in Frameworks */,
			);
			runOnlyForDeploymentPostprocessing = 0;
		};
		7D45AE1B2FC3FF3C00CAD3CA /* Frameworks */ = {
			isa = PBXFrameworksBuildPhase;
			buildActionMask = 2147483647;
			files = (
			);
			runOnlyForDeploymentPostprocessing = 0;
		};
		7D45AE252FC3FF3C00CAD3CA /* Frameworks */ = {
			isa = PBXFrameworksBuildPhase;
			buildActionMask = 2147483647;
			files = (
			);
			runOnlyForDeploymentPostprocessing = 0;
		};
/* End PBXFrameworksBuildPhase section */

/* Begin PBXGroup section */
		7D45AE082FC3FF3900CAD3CA = {
			isa = PBXGroup;
			children = (
				7D45AE132FC3FF3900CAD3CA /* Spookify */,
				7D45AE3E2FC406E400CAD3CA /* Shared */,
				7D45AE212FC3FF3C00CAD3CA /* SpookifyTests */,
				7D45AE2B2FC3FF3C00CAD3CA /* SpookifyUITests */,
				7D45AE122FC3FF3900CAD3CA /* Products */,
			);
			sourceTree = "<group>";
		};
		7D45AE122FC3FF3900CAD3CA /* Products */ = {
			isa = PBXGroup;
			children = (
				7D45AE112FC3FF3900CAD3CA /* Spookify.app */,
				7D45AE1E2FC3FF3C00CAD3CA /* SpookifyTests.xctest */,
				7D45AE282FC3FF3C00CAD3CA /* SpookifyUITests.xctest */,
			);
			name = Products;
			sourceTree = "<group>";
		};
		7D45AE3E2FC406E400CAD3CA /* Shared */ = {
			isa = PBXGroup;
			children = (
				7D45AE3F2FC4072700CAD3CA /* ImageLoaderView.swift */,
				7D45AE412FC4082F00CAD3CA /* Constants.swift */,
				7D45AEB22FC42BBD00CAD3CA /* AppFonts.swift */,
			);
			path = Shared;
			sourceTree = "<group>";
		};
/* End PBXGroup section */

/* Begin PBXNativeTarget section */
		7D45AE102FC3FF3900CAD3CA /* Spookify */ = {
			isa = PBXNativeTarget;
			buildConfigurationList = 7D45AE322FC3FF3C00CAD3CA /* Build configuration list for PBXNativeTarget "Spookify" */;
			buildPhases = (
				7D45AE0D2FC3FF3900CAD3CA /* Sources */,
				7D45AE0E2FC3FF3900CAD3CA /* Frameworks */,
				7D45AE0F2FC3FF3900CAD3CA /* Resources */,
			);
			buildRules = (
			);
			dependencies = (
			);
			fileSystemSynchronizedGroups = (
				7D45AE132FC3FF3900CAD3CA /* Spookify */,
			);
			name = Spookify;
			packageProductDependencies = (
				7D45AE3C2FC406C500CAD3CA /* SDWebImageSwiftUI */,
				7D45AE6D2FC428BB00CAD3CA /* SwiftfulRouting */,
				7D45AE702FC428CE00CAD3CA /* SwiftfulUI */,
			);
			productName = Spookify;
			productReference = 7D45AE112FC3FF3900CAD3CA /* Spookify.app */;
			productType = "com.apple.product-type.application";
		};
		7D45AE1D2FC3FF3C00CAD3CA /* SpookifyTests */ = {
			isa = PBXNativeTarget;
			buildConfigurationList = 7D45AE352FC3FF3C00CAD3CA /* Build configuration list for PBXNativeTarget "SpookifyTests" */;
			buildPhases = (
				7D45AE1A2FC3FF3C00CAD3CA /* Sources */,
				7D45AE1B2FC3FF3C00CAD3CA /* Frameworks */,
				7D45AE1C2FC3FF3C00CAD3CA /* Resources */,
			);
			buildRules = (
			);
			dependencies = (
				7D45AE202FC3FF3C00CAD3CA /* PBXTargetDependency */,
			);
			fileSystemSynchronizedGroups = (
				7D45AE212FC3FF3C00CAD3CA /* SpookifyTests */,
			);
			name = SpookifyTests;
			packageProductDependencies = (
			);
			productName = SpookifyTests;
			productReference = 7D45AE1E2FC3FF3C00CAD3CA /* SpookifyTests.xctest */;
			productType = "com.apple.product-type.bundle.unit-test";
		};
		7D45AE272FC3FF3C00CAD3CA /* SpookifyUITests */ = {
			isa = PBXNativeTarget;
			buildConfigurationList = 7D45AE382FC3FF3C00CAD3CA /* Build configuration list for PBXNativeTarget "SpookifyUITests" */;
			buildPhases = (
				7D45AE242FC3FF3C00CAD3CA /* Sources */,
				7D45AE252FC3FF3C00CAD3CA /* Frameworks */,
				7D45AE262FC3FF3C00CAD3CA /* Resources */,
			);
			buildRules = (
			);
			dependencies = (
				7D45AE2A2FC3FF3C00CAD3CA /* PBXTargetDependency */,
			);
			fileSystemSynchronizedGroups = (
				7D45AE2B2FC3FF3C00CAD3CA /* SpookifyUITests */,
			);
			name = SpookifyUITests;
			packageProductDependencies = (
			);
			productName = SpookifyUITests;
			productReference = 7D45AE282FC3FF3C00CAD3CA /* SpookifyUITests.xctest */;
			productType = "com.apple.product-type.bundle.ui-testing";
		};
/* End PBXNativeTarget section */

/* Begin PBXProject section */
		7D45AE092FC3FF3900CAD3CA /* Project object */ = {
			isa = PBXProject;
			attributes = {
				BuildIndependentTargetsInParallel = 1;
				LastSwiftUpdateCheck = 2650;
				LastUpgradeCheck = 2650;
				TargetAttributes = {
					7D45AE102FC3FF3900CAD3CA = {
						CreatedOnToolsVersion = 26.5;
					};
					7D45AE1D2FC3FF3C00CAD3CA = {
						CreatedOnToolsVersion = 26.5;
						TestTargetID = 7D45AE102FC3FF3900CAD3CA;
					};
					7D45AE272FC3FF3C00CAD3CA = {
						CreatedOnToolsVersion = 26.5;
						TestTargetID = 7D45AE102FC3FF3900CAD3CA;
					};
				};
			};
			buildConfigurationList = 7D45AE0C2FC3FF3900CAD3CA /* Build configuration list for PBXProject "Spookify" */;
			developmentRegion = en;
			hasScannedForEncodings = 0;
			knownRegions = (
				en,
				Base,
			);
			mainGroup = 7D45AE082FC3FF3900CAD3CA;
			minimizedProjectReferenceProxies = 1;
			packageReferences = (
				7D45AE3B2FC406C500CAD3CA /* XCRemoteSwiftPackageReference "SDWebImageSwiftUI" */,
				7D45AE6C2FC428BB00CAD3CA /* XCRemoteSwiftPackageReference "SwiftfulRouting" */,
				7D45AE6F2FC428CE00CAD3CA /* XCRemoteSwiftPackageReference "SwiftfulUI" */,
			);
			preferredProjectObjectVersion = 77;
			productRefGroup = 7D45AE122FC3FF3900CAD3CA /* Products */;
			projectDirPath = "";
			projectRoot = "";
			targets = (
				7D45AE102FC3FF3900CAD3CA /* Spookify */,
				7D45AE1D2FC3FF3C00CAD3CA /* SpookifyTests */,
				7D45AE272FC3FF3C00CAD3CA /* SpookifyUITests */,
			);
		};
/* End PBXProject section */

/* Begin PBXResourcesBuildPhase section */
		7D45AE0F2FC3FF3900CAD3CA /* Resources */ = {
			isa = PBXResourcesBuildPhase;
			buildActionMask = 2147483647;
			files = (
			);
			runOnlyForDeploymentPostprocessing = 0;
		};
		7D45AE1C2FC3FF3C00CAD3CA /* Resources */ = {
			isa = PBXResourcesBuildPhase;
			buildActionMask = 2147483647;
			files = (
			);
			runOnlyForDeploymentPostprocessing = 0;
		};
		7D45AE262FC3FF3C00CAD3CA /* Resources */ = {
			isa = PBXResourcesBuildPhase;
			buildActionMask = 2147483647;
			files = (
			);
			runOnlyForDeploymentPostprocessing = 0;
		};
/* End PBXResourcesBuildPhase section */

/* Begin PBXSourcesBuildPhase section */
		7D45AE0D2FC3FF3900CAD3CA /* Sources */ = {
			isa = PBXSourcesBuildPhase;
			buildActionMask = 2147483647;
			files = (
				7D45AE402FC4072700CAD3CA /* ImageLoaderView.swift in Sources */,
				7D45AEB32FC42BBD00CAD3CA /* AppFonts.swift in Sources */,
				7D45AE422FC4082F00CAD3CA /* Constants.swift in Sources */,
			);
			runOnlyForDeploymentPostprocessing = 0;
		};
		7D45AE1A2FC3FF3C00CAD3CA /* Sources */ = {
			isa = PBXSourcesBuildPhase;
			buildActionMask = 2147483647;
			files = (
			);
			runOnlyForDeploymentPostprocessing = 0;
		};
		7D45AE242FC3FF3C00CAD3CA /* Sources */ = {
			isa = PBXSourcesBuildPhase;
			buildActionMask = 2147483647;
			files = (
			);
			runOnlyForDeploymentPostprocessing = 0;
		};
/* End PBXSourcesBuildPhase section */

/* Begin PBXTargetDependency section */
		7D45AE202FC3FF3C00CAD3CA /* PBXTargetDependency */ = {
			isa = PBXTargetDependency;
			target = 7D45AE102FC3FF3900CAD3CA /* Spookify */;
			targetProxy = 7D45AE1F2FC3FF3C00CAD3CA /* PBXContainerItemProxy */;
		};
		7D45AE2A2FC3FF3C00CAD3CA /* PBXTargetDependency */ = {
			isa = PBXTargetDependency;
			target = 7D45AE102FC3FF3900CAD3CA /* Spookify */;
			targetProxy = 7D45AE292FC3FF3C00CAD3CA /* PBXContainerItemProxy */;
		};
/* End PBXTargetDependency section */

/* Begin XCBuildConfiguration section */
		7D45AE302FC3FF3C00CAD3CA /* Debug */ = {
			isa = XCBuildConfiguration;
			buildSettings = {
				ALWAYS_SEARCH_USER_PATHS = NO;
				ASSETCATALOG_COMPILER_GENERATE_SWIFT_ASSET_SYMBOL_EXTENSIONS = YES;
				CLANG_ANALYZER_NONNULL = YES;
				CLANG_ANALYZER_NUMBER_OBJECT_CONVERSION = YES_AGGRESSIVE;
				CLANG_CXX_LANGUAGE_STANDARD = "gnu++20";
				CLANG_ENABLE_MODULES = YES;
				CLANG_ENABLE_OBJC_ARC = YES;
				CLANG_ENABLE_OBJC_WEAK = YES;
				CLANG_WARN_BLOCK_CAPTURE_AUTORELEASING = YES;
				CLANG_WARN_BOOL_CONVERSION = YES;
				CLANG_WARN_COMMA = YES;
				CLANG_WARN_CONSTANT_CONVERSION = YES;
				CLANG_WARN_DEPRECATED_OBJC_IMPLEMENTATIONS = YES;
				CLANG_WARN_DIRECT_OBJC_ISA_USAGE = YES_ERROR;
				CLANG_WARN_DOCUMENTATION_COMMENTS = YES;
				CLANG_WARN_EMPTY_BODY = YES;
				CLANG_WARN_ENUM_CONVERSION = YES;
				CLANG_WARN_INFINITE_RECURSION = YES;
				CLANG_WARN_INT_CONVERSION = YES;
				CLANG_WARN_NON_LITERAL_NULL_CONVERSION = YES;
				CLANG_WARN_OBJC_IMPLICIT_RETAIN_SELF = YES;
				CLANG_WARN_OBJC_LITERAL_CONVERSION = YES;
				CLANG_WARN_OBJC_ROOT_CLASS = YES_ERROR;
				CLANG_WARN_QUOTED_INCLUDE_IN_FRAMEWORK_HEADER = YES;
				CLANG_WARN_RANGE_LOOP_ANALYSIS = YES;
				CLANG_WARN_STRICT_PROTOTYPES = YES;
				CLANG_WARN_SUSPICIOUS_MOVE = YES;
				CLANG_WARN_UNGUARDED_AVAILABILITY = YES_AGGRESSIVE;
				CLANG_WARN_UNREACHABLE_CODE = YES;
				CLANG_WARN__DUPLICATE_METHOD_MATCH = YES;
				COPY_PHASE_STRIP = NO;
				DEBUG_INFORMATION_FORMAT = dwarf;
				DEVELOPMENT_TEAM = J73954XJ54;
				ENABLE_STRICT_OBJC_MSGSEND = YES;
				ENABLE_TESTABILITY = YES;
				ENABLE_USER_SCRIPT_SANDBOXING = YES;
				GCC_C_LANGUAGE_STANDARD = gnu17;
				GCC_DYNAMIC_NO_PIC = NO;
				GCC_NO_COMMON_BLOCKS = YES;
				GCC_OPTIMIZATION_LEVEL = 0;
				GCC_PREPROCESSOR_DEFINITIONS = (
					"DEBUG=1",
					"$(inherited)",
				);
				GCC_WARN_64_TO_32_BIT_CONVERSION = YES;
				GCC_WARN_ABOUT_RETURN_TYPE = YES_ERROR;
				GCC_WARN_UNDECLARED_SELECTOR = YES;
				GCC_WARN_UNINITIALIZED_AUTOS = YES_AGGRESSIVE;
				GCC_WARN_UNUSED_FUNCTION = YES;
				GCC_WARN_UNUSED_VARIABLE = YES;
				IPHONEOS_DEPLOYMENT_TARGET = 26.5;
				LOCALIZATION_PREFERS_STRING_CATALOGS = YES;
				MTL_ENABLE_DEBUG_INFO = INCLUDE_SOURCE;
				MTL_FAST_MATH = YES;
				ONLY_ACTIVE_ARCH = YES;
				SDKROOT = iphoneos;
				SWIFT_ACTIVE_COMPILATION_CONDITIONS = "DEBUG $(inherited)";
				SWIFT_OPTIMIZATION_LEVEL = "-Onone";
			};
			name = Debug;
		};
		7D45AE312FC3FF3C00CAD3CA /* Release */ = {
			isa = XCBuildConfiguration;
			buildSettings = {
				ALWAYS_SEARCH_USER_PATHS = NO;
				ASSETCATALOG_COMPILER_GENERATE_SWIFT_ASSET_SYMBOL_EXTENSIONS = YES;
				CLANG_ANALYZER_NONNULL = YES;
				CLANG_ANALYZER_NUMBER_OBJECT_CONVERSION = YES_AGGRESSIVE;
				CLANG_CXX_LANGUAGE_STANDARD = "gnu++20";
				CLANG_ENABLE_MODULES = YES;
				CLANG_ENABLE_OBJC_ARC = YES;
				CLANG_ENABLE_OBJC_WEAK = YES;
				CLANG_WARN_BLOCK_CAPTURE_AUTORELEASING = YES;
				CLANG_WARN_BOOL_CONVERSION = YES;
				CLANG_WARN_COMMA = YES;
				CLANG_WARN_CONSTANT_CONVERSION = YES;
				CLANG_WARN_DEPRECATED_OBJC_IMPLEMENTATIONS = YES;
				CLANG_WARN_DIRECT_OBJC_ISA_USAGE = YES_ERROR;
				CLANG_WARN_DOCUMENTATION_COMMENTS = YES;
				CLANG_WARN_EMPTY_BODY = YES;
				CLANG_WARN_ENUM_CONVERSION = YES;
				CLANG_WARN_INFINITE_RECURSION = YES;
				CLANG_WARN_INT_CONVERSION = YES;
				CLANG_WARN_NON_LITERAL_NULL_CONVERSION = YES;
				CLANG_WARN_OBJC_IMPLICIT_RETAIN_SELF = YES;
				CLANG_WARN_OBJC_LITERAL_CONVERSION = YES;
				CLANG_WARN_OBJC_ROOT_CLASS = YES_ERROR;
				CLANG_WARN_QUOTED_INCLUDE_IN_FRAMEWORK_HEADER = YES;
				CLANG_WARN_RANGE_LOOP_ANALYSIS = YES;
				CLANG_WARN_STRICT_PROTOTYPES = YES;
				CLANG_WARN_SUSPICIOUS_MOVE = YES;
				CLANG_WARN_UNGUARDED_AVAILABILITY = YES_AGGRESSIVE;
				CLANG_WARN_UNREACHABLE_CODE = YES;
				CLANG_WARN__DUPLICATE_METHOD_MATCH = YES;
				COPY_PHASE_STRIP = NO;
				DEBUG_INFORMATION_FORMAT = "dwarf-with-dsym";
				DEVELOPMENT_TEAM = J73954XJ54;
				ENABLE_NS_ASSERTIONS = NO;
				ENABLE_STRICT_OBJC_MSGSEND = YES;
				ENABLE_USER_SCRIPT_SANDBOXING = YES;
				GCC_C_LANGUAGE_STANDARD = gnu17;
				GCC_NO_COMMON_BLOCKS = YES;
				GCC_WARN_64_TO_32_BIT_CONVERSION = YES;
				GCC_WARN_ABOUT_RETURN_TYPE = YES_ERROR;
				GCC_WARN_UNDECLARED_SELECTOR = YES;
				GCC_WARN_UNINITIALIZED_AUTOS = YES_AGGRESSIVE;
				GCC_WARN_UNUSED_FUNCTION = YES;
				GCC_WARN_UNUSED_VARIABLE = YES;
				IPHONEOS_DEPLOYMENT_TARGET = 26.5;
				LOCALIZATION_PREFERS_STRING_CATALOGS = YES;
				MTL_ENABLE_DEBUG_INFO = NO;
				MTL_FAST_MATH = YES;
				SDKROOT = iphoneos;
				SWIFT_COMPILATION_MODE = wholemodule;
				VALIDATE_PRODUCT = YES;
			};
			name = Release;
		};
		7D45AE332FC3FF3C00CAD3CA /* Debug */ = {
			isa = XCBuildConfiguration;
			buildSettings = {
				ASSETCATALOG_COMPILER_APPICON_NAME = AppIcon;
				ASSETCATALOG_COMPILER_GLOBAL_ACCENT_COLOR_NAME = AccentColor;
				CODE_SIGN_STYLE = Automatic;
				CURRENT_PROJECT_VERSION = 1;
				DEVELOPMENT_TEAM = J73954XJ54;
				ENABLE_PREVIEWS = YES;
				GENERATE_INFOPLIST_FILE = YES;
				INFOPLIST_FILE = Spookify/Info.plist;
				INFOPLIST_KEY_UIApplicationSceneManifest_Generation = YES;
				INFOPLIST_KEY_UIApplicationSupportsIndirectInputEvents = YES;
				INFOPLIST_KEY_UILaunchScreen_Generation = YES;
				INFOPLIST_KEY_UISupportedInterfaceOrientations_iPad = "UIInterfaceOrientationPortrait UIInterfaceOrientationPortraitUpsideDown UIInterfaceOrientationLandscapeLeft UIInterfaceOrientationLandscapeRight";
				INFOPLIST_KEY_UISupportedInterfaceOrientations_iPhone = "UIInterfaceOrientationPortrait UIInterfaceOrientationLandscapeLeft UIInterfaceOrientationLandscapeRight";
				IPHONEOS_DEPLOYMENT_TARGET = 18.6;
				LD_RUNPATH_SEARCH_PATHS = (
					"$(inherited)",
					"@executable_path/Frameworks",
				);
				MARKETING_VERSION = 1.0;
				PRODUCT_BUNDLE_IDENTIFIER = com.sylusabel.Spookify;
				PRODUCT_NAME = "$(TARGET_NAME)";
				STRING_CATALOG_GENERATE_SYMBOLS = YES;
				SWIFT_APPROACHABLE_CONCURRENCY = YES;
				SWIFT_DEFAULT_ACTOR_ISOLATION = MainActor;
				SWIFT_EMIT_LOC_STRINGS = YES;
				SWIFT_UPCOMING_FEATURE_MEMBER_IMPORT_VISIBILITY = YES;
				SWIFT_VERSION = 5.0;
				TARGETED_DEVICE_FAMILY = "1,2";
			};
			name = Debug;
		};
		7D45AE342FC3FF3C00CAD3CA /* Release */ = {
			isa = XCBuildConfiguration;
			buildSettings = {
				ASSETCATALOG_COMPILER_APPICON_NAME = AppIcon;
				ASSETCATALOG_COMPILER_GLOBAL_ACCENT_COLOR_NAME = AccentColor;
				CODE_SIGN_STYLE = Automatic;
				CURRENT_PROJECT_VERSION = 1;
				DEVELOPMENT_TEAM = J73954XJ54;
				ENABLE_PREVIEWS = YES;
				GENERATE_INFOPLIST_FILE = YES;
				INFOPLIST_FILE = Spookify/Info.plist;
				INFOPLIST_KEY_UIApplicationSceneManifest_Generation = YES;
				INFOPLIST_KEY_UIApplicationSupportsIndirectInputEvents = YES;
				INFOPLIST_KEY_UILaunchScreen_Generation = YES;
				INFOPLIST_KEY_UISupportedInterfaceOrientations_iPad = "UIInterfaceOrientationPortrait UIInterfaceOrientationPortraitUpsideDown UIInterfaceOrientationLandscapeLeft UIInterfaceOrientationLandscapeRight";
				INFOPLIST_KEY_UISupportedInterfaceOrientations_iPhone = "UIInterfaceOrientationPortrait UIInterfaceOrientationLandscapeLeft UIInterfaceOrientationLandscapeRight";
				IPHONEOS_DEPLOYMENT_TARGET = 18.6;
				LD_RUNPATH_SEARCH_PATHS = (
					"$(inherited)",
					"@executable_path/Frameworks",
				);
				MARKETING_VERSION = 1.0;
				PRODUCT_BUNDLE_IDENTIFIER = com.sylusabel.Spookify;
				PRODUCT_NAME = "$(TARGET_NAME)";
				STRING_CATALOG_GENERATE_SYMBOLS = YES;
				SWIFT_APPROACHABLE_CONCURRENCY = YES;
				SWIFT_DEFAULT_ACTOR_ISOLATION = MainActor;
				SWIFT_EMIT_LOC_STRINGS = YES;
				SWIFT_UPCOMING_FEATURE_MEMBER_IMPORT_VISIBILITY = YES;
				SWIFT_VERSION = 5.0;
				TARGETED_DEVICE_FAMILY = "1,2";
			};
			name = Release;
		};
		7D45AE362FC3FF3C00CAD3CA /* Debug */ = {
			isa = XCBuildConfiguration;
			buildSettings = {
				BUNDLE_LOADER = "$(TEST_HOST)";
				CODE_SIGN_STYLE = Automatic;
				CURRENT_PROJECT_VERSION = 1;
				DEVELOPMENT_TEAM = J73954XJ54;
				GENERATE_INFOPLIST_FILE = YES;
				IPHONEOS_DEPLOYMENT_TARGET = 26.5;
				MARKETING_VERSION = 1.0;
				PRODUCT_BUNDLE_IDENTIFIER = com.sylusabel.SpookifyTests;
				PRODUCT_NAME = "$(TARGET_NAME)";
				STRING_CATALOG_GENERATE_SYMBOLS = NO;
				SWIFT_APPROACHABLE_CONCURRENCY = YES;
				SWIFT_EMIT_LOC_STRINGS = NO;
				SWIFT_UPCOMING_FEATURE_MEMBER_IMPORT_VISIBILITY = YES;
				SWIFT_VERSION = 5.0;
				TARGETED_DEVICE_FAMILY = "1,2";
				TEST_HOST = "$(BUILT_PRODUCTS_DIR)/Spookify.app/$(BUNDLE_EXECUTABLE_FOLDER_PATH)/Spookify";
			};
			name = Debug;
		};
		7D45AE372FC3FF3C00CAD3CA /* Release */ = {
			isa = XCBuildConfiguration;
			buildSettings = {
				BUNDLE_LOADER = "$(TEST_HOST)";
				CODE_SIGN_STYLE = Automatic;
				CURRENT_PROJECT_VERSION = 1;
				DEVELOPMENT_TEAM = J73954XJ54;
				GENERATE_INFOPLIST_FILE = YES;
				IPHONEOS_DEPLOYMENT_TARGET = 26.5;
				MARKETING_VERSION = 1.0;
				PRODUCT_BUNDLE_IDENTIFIER = com.sylusabel.SpookifyTests;
				PRODUCT_NAME = "$(TARGET_NAME)";
				STRING_CATALOG_GENERATE_SYMBOLS = NO;
				SWIFT_APPROACHABLE_CONCURRENCY = YES;
				SWIFT_EMIT_LOC_STRINGS = NO;
				SWIFT_UPCOMING_FEATURE_MEMBER_IMPORT_VISIBILITY = YES;
				SWIFT_VERSION = 5.0;
				TARGETED_DEVICE_FAMILY = "1,2";
				TEST_HOST = "$(BUILT_PRODUCTS_DIR)/Spookify.app/$(BUNDLE_EXECUTABLE_FOLDER_PATH)/Spookify";
			};
			name = Release;
		};
		7D45AE392FC3FF3C00CAD3CA /* Debug */ = {
			isa = XCBuildConfiguration;
			buildSettings = {
				CODE_SIGN_STYLE = Automatic;
				CURRENT_PROJECT_VERSION = 1;
				DEVELOPMENT_TEAM = J73954XJ54;
				GENERATE_INFOPLIST_FILE = YES;
				MARKETING_VERSION = 1.0;
				PRODUCT_BUNDLE_IDENTIFIER = com.sylusabel.SpookifyUITests;
				PRODUCT_NAME = "$(TARGET_NAME)";
				STRING_CATALOG_GENERATE_SYMBOLS = NO;
				SWIFT_APPROACHABLE_CONCURRENCY = YES;
				SWIFT_EMIT_LOC_STRINGS = NO;
				SWIFT_UPCOMING_FEATURE_MEMBER_IMPORT_VISIBILITY = YES;
				SWIFT_VERSION = 5.0;
				TARGETED_DEVICE_FAMILY = "1,2";
				TEST_TARGET_NAME = Spookify;
			};
			name = Debug;
		};
		7D45AE3A2FC3FF3C00CAD3CA /* Release */ = {
			isa = XCBuildConfiguration;
			buildSettings = {
				CODE_SIGN_STYLE = Automatic;
				CURRENT_PROJECT_VERSION = 1;
				DEVELOPMENT_TEAM = J73954XJ54;
				GENERATE_INFOPLIST_FILE = YES;
				MARKETING_VERSION = 1.0;
				PRODUCT_BUNDLE_IDENTIFIER = com.sylusabel.SpookifyUITests;
				PRODUCT_NAME = "$(TARGET_NAME)";
				STRING_CATALOG_GENERATE_SYMBOLS = NO;
				SWIFT_APPROACHABLE_CONCURRENCY = YES;
				SWIFT_EMIT_LOC_STRINGS = NO;
				SWIFT_UPCOMING_FEATURE_MEMBER_IMPORT_VISIBILITY = YES;
				SWIFT_VERSION = 5.0;
				TARGETED_DEVICE_FAMILY = "1,2";
				TEST_TARGET_NAME = Spookify;
			};
			name = Release;
		};
/* End XCBuildConfiguration section */

/* Begin XCConfigurationList section */
		7D45AE0C2FC3FF3900CAD3CA /* Build configuration list for PBXProject "Spookify" */ = {
			isa = XCConfigurationList;
			buildConfigurations = (
				7D45AE302FC3FF3C00CAD3CA /* Debug */,
				7D45AE312FC3FF3C00CAD3CA /* Release */,
			);
			defaultConfigurationIsVisible = 0;
			defaultConfigurationName = Release;
		};
		7D45AE322FC3FF3C00CAD3CA /* Build configuration list for PBXNativeTarget "Spookify" */ = {
			isa = XCConfigurationList;
			buildConfigurations = (
				7D45AE332FC3FF3C00CAD3CA /* Debug */,
				7D45AE342FC3FF3C00CAD3CA /* Release */,
			);
			defaultConfigurationIsVisible = 0;
			defaultConfigurationName = Release;
		};
		7D45AE352FC3FF3C00CAD3CA /* Build configuration list for PBXNativeTarget "SpookifyTests" */ = {
			isa = XCConfigurationList;
			buildConfigurations = (
				7D45AE362FC3FF3C00CAD3CA /* Debug */,
				7D45AE372FC3FF3C00CAD3CA /* Release */,
			);
			defaultConfigurationIsVisible = 0;
			defaultConfigurationName = Release;
		};
		7D45AE382FC3FF3C00CAD3CA /* Build configuration list for PBXNativeTarget "SpookifyUITests" */ = {
			isa = XCConfigurationList;
			buildConfigurations = (
				7D45AE392FC3FF3C00CAD3CA /* Debug */,
				7D45AE3A2FC3FF3C00CAD3CA /* Release */,
			);
			defaultConfigurationIsVisible = 0;
			defaultConfigurationName = Release;
		};
/* End XCConfigurationList section */

/* Begin XCRemoteSwiftPackageReference section */
		7D45AE3B2FC406C500CAD3CA /* XCRemoteSwiftPackageReference "SDWebImageSwiftUI" */ = {
			isa = XCRemoteSwiftPackageReference;
			repositoryURL = "https://github.com/SDWebImage/SDWebImageSwiftUI.git";
			requirement = {
				kind = upToNextMajorVersion;
				minimumVersion = 3.1.4;
			};
		};
		7D45AE6C2FC428BB00CAD3CA /* XCRemoteSwiftPackageReference "SwiftfulRouting" */ = {
			isa = XCRemoteSwiftPackageReference;
			repositoryURL = "https://github.com/SwiftfulThinking/SwiftfulRouting.git";
			requirement = {
				kind = upToNextMajorVersion;
				minimumVersion = 6.2.1;
			};
		};
		7D45AE6F2FC428CE00CAD3CA /* XCRemoteSwiftPackageReference "SwiftfulUI" */ = {
			isa = XCRemoteSwiftPackageReference;
			repositoryURL = "https://github.com/SwiftfulThinking/SwiftfulUI.git";
			requirement = {
				kind = upToNextMajorVersion;
				minimumVersion = 1.2.4;
			};
		};
/* End XCRemoteSwiftPackageReference section */

/* Begin XCSwiftPackageProductDependency section */
		7D45AE3C2FC406C500CAD3CA /* SDWebImageSwiftUI */ = {
			isa = XCSwiftPackageProductDependency;
			package = 7D45AE3B2FC406C500CAD3CA /* XCRemoteSwiftPackageReference "SDWebImageSwiftUI" */;
			productName = SDWebImageSwiftUI;
		};
		7D45AE6D2FC428BB00CAD3CA /* SwiftfulRouting */ = {
			isa = XCSwiftPackageProductDependency;
			package = 7D45AE6C2FC428BB00CAD3CA /* XCRemoteSwiftPackageReference "SwiftfulRouting" */;
			productName = SwiftfulRouting;
		};
		7D45AE702FC428CE00CAD3CA /* SwiftfulUI */ = {
			isa = XCSwiftPackageProductDependency;
			package = 7D45AE6F2FC428CE00CAD3CA /* XCRemoteSwiftPackageReference "SwiftfulUI" */;
			productName = SwiftfulUI;
		};
/* End XCSwiftPackageProductDependency section */
	};
	rootObject = 7D45AE092FC3FF3900CAD3CA /* Project object */;
}
